// !$*UTF8*$!
{
	archiveVersion = 1;
	classes = {
	};
	objectVersion = 55;
	objects = {

/* Begin PBXBuildFile section */
		7627B01327D01189008108DC /* AppDelegate.swift in Sources */ = {isa = PBXBuildFile; fileRef = 7627B01227D01189008108DC /* AppDelegate.swift */; };
		7627B01527D01189008108DC /* SceneDelegate.swift in Sources */ = {isa = PBXBuildFile; fileRef = 7627B01427D01189008108DC /* SceneDelegate.swift */; };
		7627B01727D01189008108DC /* ViewController.swift in Sources */ = {isa = PBXBuildFile; fileRef = 7627B01627D01189008108DC /* ViewController.swift */; };
		7627B01A27D01189008108DC /* Main.storyboard in Resources */ = {isa = PBXBuildFile; fileRef = 7627B01827D01189008108DC /* Main.storyboard */; };
		7627B01C27D0118C008108DC /* Assets.xcassets in Resources */ = {isa = PBXBuildFile; fileRef = 7627B01B27D0118C008108DC /* Assets.xcassets */; };
		7627B01F27D0118C008108DC /* LaunchScreen.storyboard in Resources */ = {isa = PBXBuildFile; fileRef = 7627B01D27D0118C008108DC /* LaunchScreen.storyboard */; };
		7627B02A27D0118C008108DC /* stocks_appTests.swift in Sources */ = {isa = PBXBuildFile; fileRef = 7627B02927D0118C008108DC /* stocks_appTests.swift */; };
		7627B03427D0118C008108DC /* stocks_appUITests.swift in Sources */ = {isa = PBXBuildFile; fileRef = 7627B03327D0118C008108DC /* stocks_appUITests.swift */; };
		7627B03627D0118C008108DC /* stocks_appUITestsLaunchTests.swift in Sources */ = {isa = PBXBuildFile; fileRef = 7627B03527D0118C008108DC /* stocks_appUITestsLaunchTests.swift */; };
/* End PBXBuildFile section */

/* Begin PBXContainerItemProxy section */
		7627B02627D0118C008108DC /* PBXContainerItemProxy */ = {
			isa = PBXContainerItemProxy;
			containerPortal = 7627B00727D01189008108DC /* Project object */;
			proxyType = 1;
			remoteGlobalIDString = 7627B00E27D01189008108DC;
			remoteInfo = "stocks-app";
		};
		7627B03027D0118C008108DC /* PBXContainerItemProxy */ = {
			isa = PBXContainerItemProxy;
			containerPortal = 7627B00727D01189008108DC /* Project object */;
			proxyType = 1;
			remoteGlobalIDString = 7627B00E27D01189008108DC;
			remoteInfo = "stocks-app";
		};
/* End PBXContainerItemProxy section */

/* Begin PBXFileReference section */
		7627B00F27D01189008108DC /* stocks-app.app */ = {isa = PBXFileReference; explicitFileType = wrapper.application; includeInIndex = 0; path = "stocks-app.app"; sourceTree = BUILT_PRODUCTS_DIR; };
		7627B01227D01189008108DC /* AppDelegate.swift */ = {isa = PBXFileReference; lastKnownFileType = sourcecode.swift; path = AppDelegate.swift; sourceTree = "<group>"; };
		7627B01427D01189008108DC /* SceneDelegate.swift */ = {isa = PBXFileReference; lastKnownFileType = sourcecode.swift; path = SceneDelegate.swift; sourceTree = "<group>"; };
		7627B01627D01189008108DC /* ViewController.swift */ = {isa = PBXFileReference; lastKnownFileType = sourcecode.swift; path = ViewController.swift; sourceTree = "<group>"; };
		7627B01927D01189008108DC /* Base */ = {isa = PBXFileReference; lastKnownFileType = file.storyboard; name = Base; path = Base.lproj/Main.storyboard; sourceTree = "<group>"; };
		7627B01B27D0118C008108DC /* Assets.xcassets */ = {isa = PBXFileReference; lastKnownFileType = folder.assetcatalog; path = Assets.xcassets; sourceTree = "<group>"; };
		7627B01E27D0118C008108DC /* Base */ = {isa = PBXFileReference; lastKnownFileType = file.storyboard; name = Base; path = Base.lproj/LaunchScreen.storyboard; sourceTree = "<group>"; };
		7627B02027D0118C008108DC /* Info.plist */ = {isa = PBXFileReference; lastKnownFileType = text.plist.xml; path = Info.plist; sourceTree = "<group>"; };
		7627B02527D0118C008108DC /* stocks-appTests.xctest */ = {isa = PBXFileReference; explicitFileType = wrapper.cfbundle; includeInIndex = 0; path = "stocks-appTests.xctest"; sourceTree = BUILT_PRODUCTS_DIR; };
		7627B02927D0118C008108DC /* stocks_appTests.swift */ = {isa = PBXFileReference; lastKnownFileType = sourcecode.swift; path = stocks_appTests.swift; sourceTree = "<group>"; };
		7627B02F27D0118C008108DC /* stocks-appUITests.xctest */ = {isa = PBXFileReference; explicitFileType = wrapper.cfbundle; includeInIndex = 0; path = "stocks-appUITests.xctest"; sourceTree = BUILT_PRODUCTS_DIR; };
		7627B03327D0118C008108DC /* stocks_appUITests.swift */ = {isa = PBXFileReference; lastKnownFileType = sourcecode.swift; path = stocks_appUITests.swift; sourceTree = "<group>"; };
		7627B03527D0118C008108DC /* stocks_appUITestsLaunchTests.swift */ = {isa = PBXFileReference; lastKnownFileType = sourcecode.swift; path = stocks_appUITestsLaunchTests.swift; sourceTree = "<group>"; };
/* End PBXFileReference section */

/* Begin PBXFrameworksBuildPhase section */
		7627B00C27D01189008108DC /* Frameworks */ = {
			isa = PBXFrameworksBuildPhase;
			buildActionMask = 2147483647;
			files = (
			);
			runOnlyForDeploymentPostprocessing = 0;
		};
		7627B02227D0118C008108DC /* Frameworks */ = {
			isa = PBXFrameworksBuildPhase;
			buildActionMask = 2147483647;
			files = (
			);
			runOnlyForDeploymentPostprocessing = 0;
		};
		7627B02C27D0118C008108DC /* Frameworks */ = {
			isa = PBXFrameworksBuildPhase;
			buildActionMask = 2147483647;
			files = (
			);
			runOnlyForDeploymentPostprocessing = 0;
		};
/* End PBXFrameworksBuildPhase section */

/* Begin PBXGroup section */
		7627B00627D01189008108DC = {
			isa = PBXGroup;
			children = (
				7627B01127D01189008108DC /* stocks-app */,
				7627B02827D0118C008108DC /* stocks-appTests */,
				7627B03227D0118C008108DC /* stocks-appUITests */,
				7627B01027D01189008108DC /* Products */,
			);
			sourceTree = "<group>";
		};
		7627B01027D01189008108DC /* Products */ = {
			isa = PBXGroup;
			children = (
				7627B00F27D01189008108DC /* stocks-app.app */,
				7627B02527D0118C008108DC /* stocks-appTests.xctest */,
				7627B02F27D0118C008108DC /* stocks-appUITests.xctest */,
			);
			name = Products;
			sourceTree = "<group>";
		};
		7627B01127D01189008108DC /* stocks-app */ = {
			isa = PBXGroup;
			children = (
				7627B01227D01189008108DC /* AppDelegate.swift */,
				7627B01427D01189008108DC /* SceneDelegate.swift */,
				7627B01627D01189008108DC /* ViewController.swift */,
				7627B01827D01189008108DC /* Main.storyboard */,
				7627B01B27D0118C008108DC /* Assets.xcassets */,
				7627B01D27D0118C008108DC /* LaunchScreen.storyboard */,
				7627B02027D0118C008108DC /* Info.plist */,
			);
			path = "stocks-app";
			sourceTree = "<group>";
		};
		7627B02827D0118C008108DC /* stocks-appTests */ = {
			isa = PBXGroup;
			children = (
				7627B02927D0118C008108DC /* stocks_appTests.swift */,
			);
			path = "stocks-appTests";
			sourceTree = "<group>";
		};
		7627B03227D0118C008108DC /* stocks-appUITests */ = {
			isa = PBXGroup;
			children = (
				7627B03327D0118C008108DC /* stocks_appUITests.swift */,
				7627B03527D0118C008108DC /* stocks_appUITestsLaunchTests.swift */,
			);
			path = "stocks-appUITests";
			sourceTree = "<group>";
		};
/* End PBXGroup section */

/* Begin PBXNativeTarget section */
		7627B00E27D01189008108DC /* stocks-app */ = {
			isa = PBXNativeTarget;
			buildConfigurationList = 7627B03927D0118C008108DC /* Build configuration list for PBXNativeTarget "stocks-app" */;
			buildPhases = (
				7627B00B27D01189008108DC /* Sources */,
				7627B00C27D01189008108DC /* Frameworks */,
				7627B00D27D01189008108DC /* Resources */,
			);
			buildRules = (
			);
			dependencies = (
			);
			name = "stocks-app";
			productName = "stocks-app";
			productReference = 7627B00F27D01189008108DC /* stocks-app.app */;
			productType = "com.apple.product-type.application";
		};
		7627B02427D0118C008108DC /* stocks-appTests */ = {
			isa = PBXNativeTarget;
			buildConfigurationList = 7627B03C27D0118C008108DC /* Build configuration list for PBXNativeTarget "stocks-appTests" */;
			buildPhases = (
				7627B02127D0118C008108DC /* Sources */,
				7627B02227D0118C008108DC /* Frameworks */,
				7627B02327D0118C008108DC /* Resources */,
			);
			buildRules = (
			);
			dependencies = (
				7627B02727D0118C008108DC /* PBXTargetDependency */,
			);
			name = "stocks-appTests";
			productName = "stocks-appTests";
			productReference = 7627B02527D0118C008108DC /* stocks-appTests.xctest */;
			productType = "com.apple.product-type.bundle.unit-test";
		};
		7627B02E27D0118C008108DC /* stocks-appUITests */ = {
			isa = PBXNativeTarget;
			buildConfigurationList = 7627B03F27D0118C008108DC /* Build configuration list for PBXNativeTarget "stocks-appUITests" */;
			buildPhases = (
				7627B02B27D0118C008108DC /* Sources */,
				7627B02C27D0118C008108DC /* Frameworks */,
				7627B02D27D0118C008108DC /* Resources */,
			);
			buildRules = (
			);
			dependencies = (
				7627B03127D0118C008108DC /* PBXTargetDependency */,
			);
			name = "stocks-appUITests";
			productName = "stocks-appUITests";
			productReference = 7627B02F27D0118C008108DC /* stocks-appUITests.xctest */;
			productType = "com.apple.product-type.bundle.ui-testing";
		};
/* End PBXNativeTarget section */

/* Begin PBXProject section */
		7627B00727D01189008108DC /* Project object */ = {
			isa = PBXProject;
			attributes = {
				BuildIndependentTargetsInParallel = 1;
				LastSwiftUpdateCheck = 1320;
				LastUpgradeCheck = 1320;
				TargetAttributes = {
					7627B00E27D01189008108DC = {
						CreatedOnToolsVersion = 13.2.1;
					};
					7627B02427D0118C008108DC = {
						CreatedOnToolsVersion = 13.2.1;
						TestTargetID = 7627B00E27D01189008108DC;
					};
					7627B02E27D0118C008108DC = {
						CreatedOnToolsVersion = 13.2.1;
						TestTargetID = 7627B00E27D01189008108DC;
					};
				};
			};
			buildConfigurationList = 7627B00A27D01189008108DC /* Build configuration list for PBXProject "stocks-app" */;
			compatibilityVersion = "Xcode 13.0";
			developmentRegion = en;
			hasScannedForEncodings = 0;
			knownRegions = (
				en,
				Base,
			);
			mainGroup = 7627B00627D01189008108DC;
			productRefGroup = 7627B01027D01189008108DC /* Products */;
			projectDirPath = "";
			projectRoot = "";
			targets = (
				7627B00E27D01189008108DC /* stocks-app */,
				7627B02427D0118C008108DC /* stocks-appTests */,
				7627B02E27D0118C008108DC /* stocks-appUITests */,
			);
		};
/* End PBXProject section */

/* Begin PBXResourcesBuildPhase section */
		7627B00D27D01189008108DC /* Resources */ = {
			isa = PBXResourcesBuildPhase;
			buildActionMask = 2147483647;
			files = (
				7627B01F27D0118C008108DC /* LaunchScreen.storyboard in Resources */,
				7627B01C27D0118C008108DC /* Assets.xcassets in Resources */,
				7627B01A27D01189008108DC /* Main.storyboard in Resources */,
			);
			runOnlyForDeploymentPostprocessing = 0;
		};
		7627B02327D0118C008108DC /* Resources */ = {
			isa = PBXResourcesBuildPhase;
			buildActionMask = 2147483647;
			files = (
			);
			runOnlyForDeploymentPostprocessing = 0;
		};
		7627B02D27D0118C008108DC /* Resources */ = {
			isa = PBXResourcesBuildPhase;
			buildActionMask = 2147483647;
			files = (
			);
			runOnlyForDeploymentPostprocessing = 0;
		};
/* End PBXResourcesBuildPhase section */

/* Begin PBXSourcesBuildPhase section */
		7627B00B27D01189008108DC /* Sources */ = {
			isa = PBXSourcesBuildPhase;
			buildActionMask = 2147483647;
			files = (
				7627B01727D01189008108DC /* ViewController.swift in Sources */,
				7627B01327D01189008108DC /* AppDelegate.swift in Sources */,
				7627B01527D01189008108DC /* SceneDelegate.swift in Sources */,
			);
			runOnlyForDeploymentPostprocessing = 0;
		};
		7627B02127D0118C008108DC /* Sources */ = {
			isa = PBXSourcesBuildPhase;
			buildActionMask = 2147483647;
			files = (
				7627B02A27D0118C008108DC /* stocks_appTests.swift in Sources */,
			);
			runOnlyForDeploymentPostprocessing = 0;
		};
		7627B02B27D0118C008108DC /* Sources */ = {
			isa = PBXSourcesBuildPhase;
			buildActionMask = 2147483647;
			files = (
				7627B03427D0118C008108DC /* stocks_appUITests.swift in Sources */,
				7627B03627D0118C008108DC /* stocks_appUITestsLaunchTests.swift in Sources */,
			);
			runOnlyForDeploymentPostprocessing = 0;
		};
/* End PBXSourcesBuildPhase section */

/* Begin PBXTargetDependency section */
		7627B02727D0118C008108DC /* PBXTargetDependency */ = {
			isa = PBXTargetDependency;
			target = 7627B00E27D01189008108DC /* stocks-app */;
			targetProxy = 7627B02627D0118C008108DC /* PBXContainerItemProxy */;
		};
		7627B03127D0118C008108DC /* PBXTargetDependency */ = {
			isa = PBXTargetDependency;
			target = 7627B00E27D01189008108DC /* stocks-app */;
			targetProxy = 7627B03027D0118C008108DC /* PBXContainerItemProxy */;
		};
/* End PBXTargetDependency section */

/* Begin PBXVariantGroup section */
		7627B01827D01189008108DC /* Main.storyboard */ = {
			isa = PBXVariantGroup;
			children = (
				7627B01927D01189008108DC /* Base */,
			);
			name = Main.storyboard;
			sourceTree = "<group>";
		};
		7627B01D27D0118C008108DC /* LaunchScreen.storyboard */ = {
			isa = PBXVariantGroup;
			children = (
				7627B01E27D0118C008108DC /* Base */,
			);
			name = LaunchScreen.storyboard;
			sourceTree = "<group>";
		};
/* End PBXVariantGroup section */

/* Begin XCBuildConfiguration section */
		7627B03727D0118C008108DC /* Debug */ = {
			isa = XCBuildConfiguration;
			buildSettings = {
				ALWAYS_SEARCH_USER_PATHS = NO;
				CLANG_ANALYZER_NONNULL = YES;
				CLANG_ANALYZER_NUMBER_OBJECT_CONVERSION = YES_AGGRESSIVE;
				CLANG_CXX_LANGUAGE_STANDARD = "gnu++17";
				CLANG_CXX_LIBRARY = "libc++";
				CLANG_ENABLE_MODULES = YES;
				CLANG_ENABLE_OBJC_ARC = YES;
				CLANG_ENABLE_OBJC_WEAK = YES;
				CLANG_WARN_BLOCK_CAPTURE_AUTORELEASING = YES;
				CLANG_WARN_BOOL_CONVERSION = YES;
				CLANG_WARN_COMMA = YES;
				CLANG_WARN_CONSTANT_CONVERSION = YES;
				CLANG_WARN_DEPRECATED_OBJC_IMPLEMENTATIONS = YES;
				CLANG_WARN_DIRECT_OBJC_ISA_USAGE = YES_ERROR;
				CLANG_WARN_DOCUMENTATION_COMMENTS = YES;
				CLANG_WARN_EMPTY_BODY = YES;
				CLANG_WARN_ENUM_CONVERSION = YES;
				CLANG_WARN_INFINITE_RECURSION = YES;
				CLANG_WARN_INT_CONVERSION = YES;
				CLANG_WARN_NON_LITERAL_NULL_CONVERSION = YES;
				CLANG_WARN_OBJC_IMPLICIT_RETAIN_SELF = YES;
				CLANG_WARN_OBJC_LITERAL_CONVERSION = YES;
				CLANG_WARN_OBJC_ROOT_CLASS = YES_ERROR;
				CLANG_WARN_QUOTED_INCLUDE_IN_FRAMEWORK_HEADER = YES;
				CLANG_WARN_RANGE_LOOP_ANALYSIS = YES;
				CLANG_WARN_STRICT_PROTOTYPES = YES;
				CLANG_WARN_SUSPICIOUS_MOVE = YES;
				CLANG_WARN_UNGUARDED_AVAILABILITY = YES_AGGRESSIVE;
				CLANG_WARN_UNREACHABLE_CODE = YES;
				CLANG_WARN__DUPLICATE_METHOD_MATCH = YES;
				COPY_PHASE_STRIP = NO;
				DEBUG_INFORMATION_FORMAT = dwarf;
				ENABLE_STRICT_OBJC_MSGSEND = YES;
				ENABLE_TESTABILITY = YES;
				GCC_C_LANGUAGE_STANDARD = gnu11;
				GCC_DYNAMIC_NO_PIC = NO;
				GCC_NO_COMMON_BLOCKS = YES;
				GCC_OPTIMIZATION_LEVEL = 0;
				GCC_PREPROCESSOR_DEFINITIONS = (
					"DEBUG=1",
					"$(inherited)",
				);
				GCC_WARN_64_TO_32_BIT_CONVERSION = YES;
				GCC_WARN_ABOUT_RETURN_TYPE = YES_ERROR;
				GCC_WARN_UNDECLARED_SELECTOR = YES;
				GCC_WARN_UNINITIALIZED_AUTOS = YES_AGGRESSIVE;
				GCC_WARN_UNUSED_FUNCTION = YES;
				GCC_WARN_UNUSED_VARIABLE = YES;
				IPHONEOS_DEPLOYMENT_TARGET = 15.2;
				MTL_ENABLE_DEBUG_INFO = INCLUDE_SOURCE;
				MTL_FAST_MATH = YES;
				ONLY_ACTIVE_ARCH = YES;
				SDKROOT = iphoneos;
				SWIFT_ACTIVE_COMPILATION_CONDITIONS = DEBUG;
				SWIFT_OPTIMIZATION_LEVEL = "-Onone";
			};
			name = Debug;
		};
		7627B03827D0118C008108DC /* Release */ = {
			isa = XCBuildConfiguration;
			buildSettings = {
				ALWAYS_SEARCH_USER_PATHS = NO;
				CLANG_ANALYZER_NONNULL = YES;
				CLANG_ANALYZER_NUMBER_OBJECT_CONVERSION = YES_AGGRESSIVE;
				CLANG_CXX_LANGUAGE_STANDARD = "gnu++17";
				CLANG_CXX_LIBRARY = "libc++";
				CLANG_ENABLE_MODULES = YES;
				CLANG_ENABLE_OBJC_ARC = YES;
				CLANG_ENABLE_OBJC_WEAK = YES;
				CLANG_WARN_BLOCK_CAPTURE_AUTORELEASING = YES;
				CLANG_WARN_BOOL_CONVERSION = YES;
				CLANG_WARN_COMMA = YES;
				CLANG_WARN_CONSTANT_CONVERSION = YES;
				CLANG_WARN_DEPRECATED_OBJC_IMPLEMENTATIONS = YES;
				CLANG_WARN_DIRECT_OBJC_ISA_USAGE = YES_ERROR;
				CLANG_WARN_DOCUMENTATION_COMMENTS = YES;
				CLANG_WARN_EMPTY_BODY = YES;
				CLANG_WARN_ENUM_CONVERSION = YES;
				CLANG_WARN_INFINITE_RECURSION = YES;
				CLANG_WARN_INT_CONVERSION = YES;
				CLANG_WARN_NON_LITERAL_NULL_CONVERSION = YES;
				CLANG_WARN_OBJC_IMPLICIT_RETAIN_SELF = YES;
				CLANG_WARN_OBJC_LITERAL_CONVERSION = YES;
				CLANG_WARN_OBJC_ROOT_CLASS = YES_ERROR;
				CLANG_WARN_QUOTED_INCLUDE_IN_FRAMEWORK_HEADER = YES;
				CLANG_WARN_RANGE_LOOP_ANALYSIS = YES;
				CLANG_WARN_STRICT_PROTOTYPES = YES;
				CLANG_WARN_SUSPICIOUS_MOVE = YES;
				CLANG_WARN_UNGUARDED_AVAILABILITY = YES_AGGRESSIVE;
				CLANG_WARN_UNREACHABLE_CODE = YES;
				CLANG_WARN__DUPLICATE_METHOD_MATCH = YES;
				COPY_PHASE_STRIP = NO;
				DEBUG_INFORMATION_FORMAT = "dwarf-with-dsym";
				ENABLE_NS_ASSERTIONS = NO;
				ENABLE_STRICT_OBJC_MSGSEND = YES;
				GCC_C_LANGUAGE_STANDARD = gnu11;
				GCC_NO_COMMON_BLOCKS = YES;
				GCC_WARN_64_TO_32_BIT_CONVERSION = YES;
				GCC_WARN_ABOUT_RETURN_TYPE = YES_ERROR;
				GCC_WARN_UNDECLARED_SELECTOR = YES;
				GCC_WARN_UNINITIALIZED_AUTOS = YES_AGGRESSIVE;
				GCC_WARN_UNUSED_FUNCTION = YES;
				GCC_WARN_UNUSED_VARIABLE = YES;
				IPHONEOS_DEPLOYMENT_TARGET = 15.2;
				MTL_ENABLE_DEBUG_INFO = NO;
				MTL_FAST_MATH = YES;
				SDKROOT = iphoneos;
				SWIFT_COMPILATION_MODE = wholemodule;
				SWIFT_OPTIMIZATION_LEVEL = "-O";
				VALIDATE_PRODUCT = YES;
			};
			name = Release;
		};
		7627B03A27D0118C008108DC /* Debug */ = {
			isa = XCBuildConfiguration;
			buildSettings = {
				ASSETCATALOG_COMPILER_APPICON_NAME = AppIcon;
				ASSETCATALOG_COMPILER_GLOBAL_ACCENT_COLOR_NAME = AccentColor;
				CODE_SIGN_STYLE = Automatic;
				CURRENT_PROJECT_VERSION = 1;
				DEVELOPMENT_TEAM = LKD6PTJJQM;
				GENERATE_INFOPLIST_FILE = YES;
				INFOPLIST_FILE = "stocks-app/Info.plist";
				INFOPLIST_KEY_UIApplicationSupportsIndirectInputEvents = YES;
				INFOPLIST_KEY_UILaunchStoryboardName = LaunchScreen;
				INFOPLIST_KEY_UIMainStoryboardFile = Main;
				INFOPLIST_KEY_UISupportedInterfaceOrientations_iPad = "UIInterfaceOrientationPortrait UIInterfaceOrientationPortraitUpsideDown UIInterfaceOrientationLandscapeLeft UIInterfaceOrientationLandscapeRight";
				INFOPLIST_KEY_UISupportedInterfaceOrientations_iPhone = "UIInterfaceOrientationPortrait UIInterfaceOrientationLandscapeLeft UIInterfaceOrientationLandscapeRight";
				LD_RUNPATH_SEARCH_PATHS = (
					"$(inherited)",
					"@executable_path/Frameworks",
				);
				MARKETING_VERSION = 1.0;
				PRODUCT_BUNDLE_IDENTIFIER = "jmkr.stocks-app";
				PRODUCT_NAME = "$(TARGET_NAME)";
				SWIFT_EMIT_LOC_STRINGS = YES;
				SWIFT_VERSION = 5.0;
				TARGETED_DEVICE_FAMILY = "1,2";
			};
			name = Debug;
		};
		7627B03B27D0118C008108DC /* Release */ = {
			isa = XCBuildConfiguration;
			buildSettings = {
				ASSETCATALOG_COMPILER_APPICON_NAME = AppIcon;
				ASSETCATALOG_COMPILER_GLOBAL_ACCENT_COLOR_NAME = AccentColor;
				CODE_SIGN_STYLE = Automatic;
				CURRENT_PROJECT_VERSION = 1;
				DEVELOPMENT_TEAM = LKD6PTJJQM;
				GENERATE_INFOPLIST_FILE = YES;
				INFOPLIST_FILE = "stocks-app/Info.plist";
				INFOPLIST_KEY_UIApplicationSupportsIndirectInputEvents = YES;
				INFOPLIST_KEY_UILaunchStoryboardName = LaunchScreen;
				INFOPLIST_KEY_UIMainStoryboardFile = Main;
				INFOPLIST_KEY_UISupportedInterfaceOrientations_iPad = "UIInterfaceOrientationPortrait UIInterfaceOrientationPortraitUpsideDown UIInterfaceOrientationLandscapeLeft UIInterfaceOrientationLandscapeRight";
				INFOPLIST_KEY_UISupportedInterfaceOrientations_iPhone = "UIInterfaceOrientationPortrait UIInterfaceOrientationLandscapeLeft UIInterfaceOrientationLandscapeRight";
				LD_RUNPATH_SEARCH_PATHS = (
					"$(inherited)",
					"@executable_path/Frameworks",
				);
				MARKETING_VERSION = 1.0;
				PRODUCT_BUNDLE_IDENTIFIER = "jmkr.stocks-app";
				PRODUCT_NAME = "$(TARGET_NAME)";
				SWIFT_EMIT_LOC_STRINGS = YES;
				SWIFT_VERSION = 5.0;
				TARGETED_DEVICE_FAMILY = "1,2";
			};
			name = Release;
		};
		7627B03D27D0118C008108DC /* Debug */ = {
			isa = XCBuildConfiguration;
			buildSettings = {
				ALWAYS_EMBED_SWIFT_STANDARD_LIBRARIES = YES;
				BUNDLE_LOADER = "$(TEST_HOST)";
				CODE_SIGN_STYLE = Automatic;
				CURRENT_PROJECT_VERSION = 1;
				DEVELOPMENT_TEAM = LKD6PTJJQM;
				GENERATE_INFOPLIST_FILE = YES;
				IPHONEOS_DEPLOYMENT_TARGET = 15.2;
				MARKETING_VERSION = 1.0;
				PRODUCT_BUNDLE_IDENTIFIER = "jmkr.stocks-appTests";
				PRODUCT_NAME = "$(TARGET_NAME)";
				SWIFT_EMIT_LOC_STRINGS = NO;
				SWIFT_VERSION = 5.0;
				TARGETED_DEVICE_FAMILY = "1,2";
				TEST_HOST = "$(BUILT_PRODUCTS_DIR)/stocks-app.app/stocks-app";
			};
			name = Debug;
		};
		7627B03E27D0118C008108DC /* Release */ = {
			isa = XCBuildConfiguration;
			buildSettings = {
				ALWAYS_EMBED_SWIFT_STANDARD_LIBRARIES = YES;
				BUNDLE_LOADER = "$(TEST_HOST)";
				CODE_SIGN_STYLE = Automatic;
				CURRENT_PROJECT_VERSION = 1;
				DEVELOPMENT_TEAM = LKD6PTJJQM;
				GENERATE_INFOPLIST_FILE = YES;
				IPHONEOS_DEPLOYMENT_TARGET = 15.2;
				MARKETING_VERSION = 1.0;
				PRODUCT_BUNDLE_IDENTIFIER = "jmkr.stocks-appTests";
				PRODUCT_NAME = "$(TARGET_NAME)";
				SWIFT_EMIT_LOC_STRINGS = NO;
				SWIFT_VERSION = 5.0;
				TARGETED_DEVICE_FAMILY = "1,2";
				TEST_HOST = "$(BUILT_PRODUCTS_DIR)/stocks-app.app/stocks-app";
			};
			name = Release;
		};
		7627B04027D0118C008108DC /* Debug */ = {
			isa = XCBuildConfiguration;
			buildSettings = {
				ALWAYS_EMBED_SWIFT_STANDARD_LIBRARIES = YES;
				CODE_SIGN_STYLE = Automatic;
				CURRENT_PROJECT_VERSION = 1;
				DEVELOPMENT_TEAM = LKD6PTJJQM;
				GENERATE_INFOPLIST_FILE = YES;
				MARKETING_VERSION = 1.0;
				PRODUCT_BUNDLE_IDENTIFIER = "jmkr.stocks-appUITests";
				PRODUCT_NAME = "$(TARGET_NAME)";
				SWIFT_EMIT_LOC_STRINGS = NO;
				SWIFT_VERSION = 5.0;
				TARGETED_DEVICE_FAMILY = "1,2";
				TEST_TARGET_NAME = "stocks-app";
			};
			name = Debug;
		};
		7627B04127D0118C008108DC /* Release */ = {
			isa = XCBuildConfiguration;
			buildSettings = {
				ALWAYS_EMBED_SWIFT_STANDARD_LIBRARIES = YES;
				CODE_SIGN_STYLE = Automatic;
				CURRENT_PROJECT_VERSION = 1;
				DEVELOPMENT_TEAM = LKD6PTJJQM;
				GENERATE_INFOPLIST_FILE = YES;
				MARKETING_VERSION = 1.0;
				PRODUCT_BUNDLE_IDENTIFIER = "jmkr.stocks-appUITests";
				PRODUCT_NAME = "$(TARGET_NAME)";
				SWIFT_EMIT_LOC_STRINGS = NO;
				SWIFT_VERSION = 5.0;
				TARGETED_DEVICE_FAMILY = "1,2";
				TEST_TARGET_NAME = "stocks-app";
			};
			name = Release;
		};
/* End XCBuildConfiguration section */

/* Begin XCConfigurationList section */
		7627B00A27D01189008108DC /* Build configuration list for PBXProject "stocks-app" */ = {
			isa = XCConfigurationList;
			buildConfigurations = (
				7627B03727D0118C008108DC /* Debug */,
				7627B03827D0118C008108DC /* Release */,
			);
			defaultConfigurationIsVisible = 0;
			defaultConfigurationName = Release;
		};
		7627B03927D0118C008108DC /* Build configuration list for PBXNativeTarget "stocks-app" */ = {
			isa = XCConfigurationList;
			buildConfigurations = (
				7627B03A27D0118C008108DC /* Debug */,
				7627B03B27D0118C008108DC /* Release */,
			);
			defaultConfigurationIsVisible = 0;
			defaultConfigurationName = Release;
		};
		7627B03C27D0118C008108DC /* Build configuration list for PBXNativeTarget "stocks-appTests" */ = {
			isa = XCConfigurationList;
			buildConfigurations = (
				7627B03D27D0118C008108DC /* Debug */,
				7627B03E27D0118C008108DC /* Release */,
			);
			defaultConfigurationIsVisible = 0;
			defaultConfigurationName = Release;
		};
		7627B03F27D0118C008108DC /* Build configuration list for PBXNativeTarget "stocks-appUITests" */ = {
			isa = XCConfigurationList;
			buildConfigurations = (
				7627B04027D0118C008108DC /* Debug */,
				7627B04127D0118C008108DC /* Release */,
			);
			defaultConfigurationIsVisible = 0;
			defaultConfigurationName = Release;
		};
/* End XCConfigurationList section */
	};
	rootObject = 7627B00727D01189008108DC /* Project object */;
}
